
Microsoft Visual Studio Solution File, Format Version 11.00
# Visual Studio 2010
# SharpDevelop 4.3
Project("{FAE04EC0-301F-11D3-BF4B-00C04F79EFBC}") = "ListBox", "ListBox\ListBox.csproj", "{6BBDA6A5-CC7B-4764-BC2D-08B21A75A053}"
EndProject
Global
	GlobalSection(SolutionConfigurationPlatforms) = preSolution
		Debug|Any CPU = Debug|Any CPU
		Release|Any CPU = Release|Any CPU
	EndGlobalSection
	GlobalSection(ProjectConfigurationPlatforms) = postSolution
		{6BBDA6A5-CC7B-4764-BC2D-08B21A75A053}.Debug|Any CPU.Build.0 = Debug|Any CPU
		{6BBDA6A5-CC7B-4764-BC2D-08B21A75A053}.Debug|Any CPU.ActiveCfg = Debug|Any CPU
		{6BBDA6A5-CC7B-4764-BC2D-08B21A75A053}.Release|Any CPU.Build.0 = Release|Any CPU
		{6BBDA6A5-CC7B-4764-BC2D-08B21A75A053}.Release|Any CPU.ActiveCfg = Release|Any CPU
	EndGlobalSection
EndGlobal
